
Microsoft Visual Studio Solution File, Format Version 12.00
# Visual Studio Version 16
VisualStudioVersion = 16.0.29806.167
MinimumVisualStudioVersion = 10.0.40219.1
Project("{8BC9CEB8-8B4A-11D0-8D11-00A0C91BC942}") = "ComeCocos", "ComeCocos\ComeCocos.vcxproj", "{803DB748-B9AF-4BBC-8B58-1D6AF90F3751}"
EndProject
Global
	GlobalSection(SolutionConfigurationPlatforms) = preSolution
		Debug|x64 = Debug|x64
		Debug|x86 = Debug|x86
		Release|x64 = Release|x64
		Release|x86 = Release|x86
	EndGlobalSection
	GlobalSection(ProjectConfigurationPlatforms) = postSolution
		{803DB748-B9AF-4BBC-8B58-1D6AF90F3751}.Debug|x64.ActiveCfg = Debug|x64
		{803DB748-B9AF-4BBC-8B58-1D6AF90F3751}.Debug|x64.Build.0 = Debug|x64
		{803DB748-B9AF-4BBC-8B58-1D6AF90F3751}.Debug|x86.ActiveCfg = Debug|Win32
		{803DB748-B9AF-4BBC-8B58-1D6AF90F3751}.Debug|x86.Build.0 = Debug|Win32
		{803DB748-B9AF-4BBC-8B58-1D6AF90F3751}.Release|x64.ActiveCfg = Release|x64
		{803DB748-B9AF-4BBC-8B58-1D6AF90F3751}.Release|x64.Build.0 = Release|x64
		{803DB748-B9AF-4BBC-8B58-1D6AF90F3751}.Release|x86.ActiveCfg = Release|Win32
		{803DB748-B9AF-4BBC-8B58-1D6AF90F3751}.Release|x86.Build.0 = Release|Win32
	EndGlobalSection
	GlobalSection(SolutionProperties) = preSolution
		HideSolutionNode = FALSE
	EndGlobalSection
	GlobalSection(ExtensibilityGlobals) = postSolution
		SolutionGuid = {2A50AA0C-79A7-4E39-9FDB-B25C10F17209}
	EndGlobalSection
EndGlobal
